
Microsoft Visual Studio Solution File, Format Version 12.00
Project("{FAE04EC0-301F-11D3-BF4B-00C04F79EFBC}") = "UsbDataReceiver", "UsbDataReceiver\UsbDataReceiver.csproj", "{D9208636-2F96-4BBA-9544-A137283ABBBD}"
EndProject
Project("{FAE04EC0-301F-11D3-BF4B-00C04F79EFBC}") = "UsbDataReceiver.GUI", "UsbDataReceiver.GUI\UsbDataReceiver.GUI.csproj", "{766C2758-2CCA-4344-8F93-485E86936832}"
EndProject
Global
	GlobalSection(SolutionConfigurationPlatforms) = preSolution
		Debug|Any CPU = Debug|Any CPU
		Release|Any CPU = Release|Any CPU
	EndGlobalSection
	GlobalSection(ProjectConfigurationPlatforms) = postSolution
		{D9208636-2F96-4BBA-9544-A137283ABBBD}.Debug|Any CPU.ActiveCfg = Debug|Any CPU
		{D9208636-2F96-4BBA-9544-A137283ABBBD}.Release|Any CPU.ActiveCfg = Release|Any CPU
		{D9208636-2F96-4BBA-9544-A137283ABBBD}.Release|Any CPU.Build.0 = Release|Any CPU
		{D9208636-2F96-4BBA-9544-A137283ABBBD}.Debug|Any CPU.Build.0 = Debug|Any CPU
		{766C2758-2CCA-4344-8F93-485E86936832}.Debug|Any CPU.ActiveCfg = Debug|Any CPU
		{766C2758-2CCA-4344-8F93-485E86936832}.Debug|Any CPU.Build.0 = Debug|Any CPU
		{766C2758-2CCA-4344-8F93-485E86936832}.Release|Any CPU.ActiveCfg = Release|Any CPU
		{766C2758-2CCA-4344-8F93-485E86936832}.Release|Any CPU.Build.0 = Release|Any CPU
	EndGlobalSection
EndGlobal
